
Microsoft Visual Studio Solution File, Format Version 12.00
# Visual Studio Version 17
VisualStudioVersion = 17.3.32929.385
MinimumVisualStudioVersion = 10.0.40219.1
Project("{FAE04EC0-301F-11D3-BF4B-00C04F79EFBC}") = "ObserverPattern", "ObserverPattern.csproj", "{C1196DD4-2E2D-48F6-A2E4-953F6DA5AF12}"
EndProject
Global
	GlobalSection(SolutionConfigurationPlatforms) = preSolution
		Debug|Any CPU = Debug|Any CPU
		Release|Any CPU = Release|Any CPU
	EndGlobalSection
	GlobalSection(ProjectConfigurationPlatforms) = postSolution
		{C1196DD4-2E2D-48F6-A2E4-953F6DA5AF12}.Debug|Any CPU.ActiveCfg = Debug|Any CPU
		{C1196DD4-2E2D-48F6-A2E4-953F6DA5AF12}.Debug|Any CPU.Build.0 = Debug|Any CPU
		{C1196DD4-2E2D-48F6-A2E4-953F6DA5AF12}.Release|Any CPU.ActiveCfg = Release|Any CPU
		{C1196DD4-2E2D-48F6-A2E4-953F6DA5AF12}.Release|Any CPU.Build.0 = Release|Any CPU
	EndGlobalSection
	GlobalSection(SolutionProperties) = preSolution
		HideSolutionNode = FALSE
	EndGlobalSection
	GlobalSection(ExtensibilityGlobals) = postSolution
		SolutionGuid = {94DAE0E6-2DE5-4A37-BF9E-C03A7C0A25AA}
	EndGlobalSection
EndGlobal
